Microsoft Visual Studio Solution File, Format Version 12.00
# Visual Studio 15
VisualStudioVersion = 15.0.26124.0
MinimumVisualStudioVersion = 15.0.26124.0
Project("{6EC3EE1D-3C4E-46DD-8F32-0CC8E7565705}") = "TabulaRasa.Server", "Server\TabulaRasa.Server.fsproj", "{BF3A834B-F64B-4457-B4A6-84E0E56AE800}"
EndProject
Project("{2150E333-8FDC-42A3-9474-1A3956D46DE8}") = "Client", "Client", "{765B7718-7BC5-4131-984D-EE7A9C0A1498}"
EndProject
Project("{6EC3EE1D-3C4E-46DD-8F32-0CC8E7565705}") = "TabulaRasa.Client", "Client\src\TabulaRasa.Client.fsproj", "{5174623B-1704-49C9-B9D7-617C2F3C8009}"
EndProject
Project("{6EC3EE1D-3C4E-46DD-8F32-0CC8E7565705}") = "Server.Tests", "Server.Tests\Server.Tests.fsproj", "{A608ABA6-1F7A-400C-9CE5-E92679F4B188}"
EndProject
Global
	GlobalSection(SolutionConfigurationPlatforms) = preSolution
		Debug|Any CPU = Debug|Any CPU
		Debug|x64 = Debug|x64
		Debug|x86 = Debug|x86
		Release|Any CPU = Release|Any CPU
		Release|x64 = Release|x64
		Release|x86 = Release|x86
	EndGlobalSection
	GlobalSection(ProjectConfigurationPlatforms) = postSolution
		{BF3A834B-F64B-4457-B4A6-84E0E56AE800}.Debug|Any CPU.ActiveCfg = Debug|Any CPU
		{BF3A834B-F64B-4457-B4A6-84E0E56AE800}.Debug|Any CPU.Build.0 = Debug|Any CPU
		{BF3A834B-F64B-4457-B4A6-84E0E56AE800}.Debug|x64.ActiveCfg = Debug|Any CPU
		{BF3A834B-F64B-4457-B4A6-84E0E56AE800}.Debug|x64.Build.0 = Debug|Any CPU
		{BF3A834B-F64B-4457-B4A6-84E0E56AE800}.Debug|x86.ActiveCfg = Debug|Any CPU
		{BF3A834B-F64B-4457-B4A6-84E0E56AE800}.Debug|x86.Build.0 = Debug|Any CPU
		{BF3A834B-F64B-4457-B4A6-84E0E56AE800}.Release|Any CPU.ActiveCfg = Release|Any CPU
		{BF3A834B-F64B-4457-B4A6-84E0E56AE800}.Release|Any CPU.Build.0 = Release|Any CPU
		{BF3A834B-F64B-4457-B4A6-84E0E56AE800}.Release|x64.ActiveCfg = Release|Any CPU
		{BF3A834B-F64B-4457-B4A6-84E0E56AE800}.Release|x64.Build.0 = Release|Any CPU
		{BF3A834B-F64B-4457-B4A6-84E0E56AE800}.Release|x86.ActiveCfg = Release|Any CPU
		{BF3A834B-F64B-4457-B4A6-84E0E56AE800}.Release|x86.Build.0 = Release|Any CPU
		{5174623B-1704-49C9-B9D7-617C2F3C8009}.Debug|Any CPU.ActiveCfg = Debug|Any CPU
		{5174623B-1704-49C9-B9D7-617C2F3C8009}.Debug|Any CPU.Build.0 = Debug|Any CPU
		{5174623B-1704-49C9-B9D7-617C2F3C8009}.Debug|x64.ActiveCfg = Debug|Any CPU
		{5174623B-1704-49C9-B9D7-617C2F3C8009}.Debug|x64.Build.0 = Debug|Any CPU
		{5174623B-1704-49C9-B9D7-617C2F3C8009}.Debug|x86.ActiveCfg = Debug|Any CPU
		{5174623B-1704-49C9-B9D7-617C2F3C8009}.Debug|x86.Build.0 = Debug|Any CPU
		{5174623B-1704-49C9-B9D7-617C2F3C8009}.Release|Any CPU.ActiveCfg = Release|Any CPU
		{5174623B-1704-49C9-B9D7-617C2F3C8009}.Release|Any CPU.Build.0 = Release|Any CPU
		{5174623B-1704-49C9-B9D7-617C2F3C8009}.Release|x64.ActiveCfg = Release|Any CPU
		{5174623B-1704-49C9-B9D7-617C2F3C8009}.Release|x64.Build.0 = Release|Any CPU
		{5174623B-1704-49C9-B9D7-617C2F3C8009}.Release|x86.ActiveCfg = Release|Any CPU
		{5174623B-1704-49C9-B9D7-617C2F3C8009}.Release|x86.Build.0 = Release|Any CPU
		{A608ABA6-1F7A-400C-9CE5-E92679F4B188}.Debug|Any CPU.ActiveCfg = Debug|Any CPU
		{A608ABA6-1F7A-400C-9CE5-E92679F4B188}.Debug|Any CPU.Build.0 = Debug|Any CPU
		{A608ABA6-1F7A-400C-9CE5-E92679F4B188}.Debug|x64.ActiveCfg = Debug|Any CPU
		{A608ABA6-1F7A-400C-9CE5-E92679F4B188}.Debug|x64.Build.0 = Debug|Any CPU
		{A608ABA6-1F7A-400C-9CE5-E92679F4B188}.Debug|x86.ActiveCfg = Debug|Any CPU
		{A608ABA6-1F7A-400C-9CE5-E92679F4B188}.Debug|x86.Build.0 = Debug|Any CPU
		{A608ABA6-1F7A-400C-9CE5-E92679F4B188}.Release|Any CPU.ActiveCfg = Release|Any CPU
		{A608ABA6-1F7A-400C-9CE5-E92679F4B188}.Release|Any CPU.Build.0 = Release|Any CPU
		{A608ABA6-1F7A-400C-9CE5-E92679F4B188}.Release|x64.ActiveCfg = Release|Any CPU
		{A608ABA6-1F7A-400C-9CE5-E92679F4B188}.Release|x64.Build.0 = Release|Any CPU
		{A608ABA6-1F7A-400C-9CE5-E92679F4B188}.Release|x86.ActiveCfg = Release|Any CPU
		{A608ABA6-1F7A-400C-9CE5-E92679F4B188}.Release|x86.Build.0 = Release|Any CPU
	EndGlobalSection
	GlobalSection(SolutionProperties) = preSolution
		HideSolutionNode = FALSE
	EndGlobalSection
	GlobalSection(NestedProjects) = preSolution
		{5174623B-1704-49C9-B9D7-617C2F3C8009} = {765B7718-7BC5-4131-984D-EE7A9C0A1498}
	EndGlobalSection
	GlobalSection(ExtensibilityGlobals) = postSolution
		SolutionGuid = {570B047F-5F17-4502-9652-09F1B1296DB3}
	EndGlobalSection
EndGlobal
